Microsoft Visual Studio Solution File, Format Version 11.00
# Visual Studio 2008

Project("{10576BDA-FC58-B2F7-7FD5-5168E9EC892C}") = "RythmJumper", "Assembly-CSharp.csproj", "{C3CAF65A-5DC6-0E6D-DA99-2EB0EFFA21E8}"
EndProject
Global
	GlobalSection(SolutionConfigurationPlatforms) = preSolution
		Debug|Any CPU = Debug|Any CPU
		Release|Any CPU = Release|Any CPU
	EndGlobalSection
	GlobalSection(ProjectConfigurationPlatforms) = postSolution
		{C3CAF65A-5DC6-0E6D-DA99-2EB0EFFA21E8}.Debug|Any CPU.ActiveCfg = Debug|Any CPU
		{C3CAF65A-5DC6-0E6D-DA99-2EB0EFFA21E8}.Debug|Any CPU.Build.0 = Debug|Any CPU
		{C3CAF65A-5DC6-0E6D-DA99-2EB0EFFA21E8}.Release|Any CPU.ActiveCfg = Release|Any CPU
		{C3CAF65A-5DC6-0E6D-DA99-2EB0EFFA21E8}.Release|Any CPU.Build.0 = Release|Any CPU
	EndGlobalSection
	GlobalSection(SolutionProperties) = preSolution
		HideSolutionNode = FALSE
	EndGlobalSection
	GlobalSection(MonoDevelopProperties) = preSolution
		StartupItem = Assembly-CSharp.csproj
	EndGlobalSection
EndGlobal
